
Microsoft Visual Studio Solution File, Format Version 12.00
# Visual Studio Version 16
VisualStudioVersion = 16.0.30002.166
MinimumVisualStudioVersion = 10.0.40219.1
Project("{FAE04EC0-301F-11D3-BF4B-00C04F79EFBC}") = "CrudOperations_WebApi_Gayatri", "CrudOperations_WebApi_Gayatri.csproj", "{1AB21877-B95E-4B8C-92DC-073CFA943928}"
EndProject
Global
	GlobalSection(SolutionConfigurationPlatforms) = preSolution
		Debug|Any CPU = Debug|Any CPU
		Release|Any CPU = Release|Any CPU
	EndGlobalSection
	GlobalSection(ProjectConfigurationPlatforms) = postSolution
		{1AB21877-B95E-4B8C-92DC-073CFA943928}.Debug|Any CPU.ActiveCfg = Debug|Any CPU
		{1AB21877-B95E-4B8C-92DC-073CFA943928}.Debug|Any CPU.Build.0 = Debug|Any CPU
		{1AB21877-B95E-4B8C-92DC-073CFA943928}.Release|Any CPU.ActiveCfg = Release|Any CPU
		{1AB21877-B95E-4B8C-92DC-073CFA943928}.Release|Any CPU.Build.0 = Release|Any CPU
	EndGlobalSection
	GlobalSection(SolutionProperties) = preSolution
		HideSolutionNode = FALSE
	EndGlobalSection
	GlobalSection(ExtensibilityGlobals) = postSolution
		SolutionGuid = {EE80E1B4-3CA1-4176-BDCE-1082C145ED8B}
	EndGlobalSection
EndGlobal
